
Microsoft Visual Studio Solution File, Format Version 12.00
# Visual Studio Version 16
VisualStudioVersion = 16.0.29806.167
MinimumVisualStudioVersion = 10.0.40219.1
Project("{FAE04EC0-301F-11D3-BF4B-00C04F79EFBC}") = "RobbersOOP", "RobbersOOP\RobbersOOP.csproj", "{C361D0E7-DE98-43CA-961B-AD03CE39AED1}"
EndProject
Global
	GlobalSection(SolutionConfigurationPlatforms) = preSolution
		Debug|Any CPU = Debug|Any CPU
		Release|Any CPU = Release|Any CPU
	EndGlobalSection
	GlobalSection(ProjectConfigurationPlatforms) = postSolution
		{C361D0E7-DE98-43CA-961B-AD03CE39AED1}.Debug|Any CPU.ActiveCfg = Debug|Any CPU
		{C361D0E7-DE98-43CA-961B-AD03CE39AED1}.Debug|Any CPU.Build.0 = Debug|Any CPU
		{C361D0E7-DE98-43CA-961B-AD03CE39AED1}.Release|Any CPU.ActiveCfg = Release|Any CPU
		{C361D0E7-DE98-43CA-961B-AD03CE39AED1}.Release|Any CPU.Build.0 = Release|Any CPU
	EndGlobalSection
	GlobalSection(SolutionProperties) = preSolution
		HideSolutionNode = FALSE
	EndGlobalSection
	GlobalSection(ExtensibilityGlobals) = postSolution
		SolutionGuid = {DEEB6923-82E9-4D48-9429-B85B5BC5AA24}
	EndGlobalSection
EndGlobal
